Microsoft Visual Studio Solution File, Format Version 11.00
# Visual Studio 2008

Project("{35D038ED-8E86-707A-FC85-0670B7DC06A1}") = "matchthree", "Assembly-CSharp-firstpass.csproj", "{55A9CD34-CA7C-4D17-970D-C669E6937A34}"
EndProject
Project("{35D038ED-8E86-707A-FC85-0670B7DC06A1}") = "matchthree", "Assembly-CSharp.csproj", "{02DC6971-269A-262D-630E-AE507CB489AF}"
EndProject
Project("{35D038ED-8E86-707A-FC85-0670B7DC06A1}") = "matchthree", "Assembly-UnityScript-firstpass.unityproj", "{40225189-8C1C-05A3-3B6C-CA8D4769390E}"
EndProject
Project("{35D038ED-8E86-707A-FC85-0670B7DC06A1}") = "matchthree", "Assembly-UnityScript.unityproj", "{509E2F19-4C95-B881-3C38-1115D3337B32}"
EndProject
Project("{35D038ED-8E86-707A-FC85-0670B7DC06A1}") = "matchthree", "Assembly-UnityScript-Editor.unityproj", "{542E5747-A0DD-4070-DC13-5477B494FB6F}"
EndProject
Global
	GlobalSection(SolutionConfigurationPlatforms) = preSolution
		Debug|Any CPU = Debug|Any CPU
		Release|Any CPU = Release|Any CPU
	EndGlobalSection
	GlobalSection(ProjectConfigurationPlatforms) = postSolution
		{55A9CD34-CA7C-4D17-970D-C669E6937A34}.Debug|Any CPU.ActiveCfg = Debug|Any CPU
		{55A9CD34-CA7C-4D17-970D-C669E6937A34}.Debug|Any CPU.Build.0 = Debug|Any CPU
		{55A9CD34-CA7C-4D17-970D-C669E6937A34}.Release|Any CPU.ActiveCfg = Release|Any CPU
		{55A9CD34-CA7C-4D17-970D-C669E6937A34}.Release|Any CPU.Build.0 = Release|Any CPU
		{02DC6971-269A-262D-630E-AE507CB489AF}.Debug|Any CPU.ActiveCfg = Debug|Any CPU
		{02DC6971-269A-262D-630E-AE507CB489AF}.Debug|Any CPU.Build.0 = Debug|Any CPU
		{02DC6971-269A-262D-630E-AE507CB489AF}.Release|Any CPU.ActiveCfg = Release|Any CPU
		{02DC6971-269A-262D-630E-AE507CB489AF}.Release|Any CPU.Build.0 = Release|Any CPU
		{40225189-8C1C-05A3-3B6C-CA8D4769390E}.Debug|Any CPU.ActiveCfg = Debug|Any CPU
		{40225189-8C1C-05A3-3B6C-CA8D4769390E}.Debug|Any CPU.Build.0 = Debug|Any CPU
		{40225189-8C1C-05A3-3B6C-CA8D4769390E}.Release|Any CPU.ActiveCfg = Release|Any CPU
		{40225189-8C1C-05A3-3B6C-CA8D4769390E}.Release|Any CPU.Build.0 = Release|Any CPU
		{509E2F19-4C95-B881-3C38-1115D3337B32}.Debug|Any CPU.ActiveCfg = Debug|Any CPU
		{509E2F19-4C95-B881-3C38-1115D3337B32}.Debug|Any CPU.Build.0 = Debug|Any CPU
		{509E2F19-4C95-B881-3C38-1115D3337B32}.Release|Any CPU.ActiveCfg = Release|Any CPU
		{509E2F19-4C95-B881-3C38-1115D3337B32}.Release|Any CPU.Build.0 = Release|Any CPU
		{542E5747-A0DD-4070-DC13-5477B494FB6F}.Debug|Any CPU.ActiveCfg = Debug|Any CPU
		{542E5747-A0DD-4070-DC13-5477B494FB6F}.Debug|Any CPU.Build.0 = Debug|Any CPU
		{542E5747-A0DD-4070-DC13-5477B494FB6F}.Release|Any CPU.ActiveCfg = Release|Any CPU
		{542E5747-A0DD-4070-DC13-5477B494FB6F}.Release|Any CPU.Build.0 = Release|Any CPU
	EndGlobalSection
	GlobalSection(SolutionProperties) = preSolution
		HideSolutionNode = FALSE
	EndGlobalSection
		GlobalSection(MonoDevelopProperties) = preSolution
		StartupItem = Assembly-CSharp.csproj
		Policies = $0
		$0.TextStylePolicy = $1
		$1.inheritsSet = null
		$1.scope = text/x-csharp
		$0.CSharpFormattingPolicy = $2
		$2.inheritsSet = Mono
		$2.inheritsScope = text/x-csharp
		$2.scope = text/x-csharp
		$0.TextStylePolicy = $3
		$3.FileWidth = 120
		$3.TabWidth = 4
		$3.EolMarker = Unix
		$3.inheritsSet = Mono
		$3.inheritsScope = text/plain
		$3.scope = text/plain
	EndGlobalSection

EndGlobal
